
Microsoft Visual Studio Solution File, Format Version 12.00
# Visual Studio Version 17
VisualStudioVersion = 17.0.32014.148
MinimumVisualStudioVersion = 10.0.40219.1
Project("{FAE04EC0-301F-11D3-BF4B-00C04F79EFBC}") = "PowershellInteractive", "PowershellInteractive\PowershellInteractive.csproj", "{B7ABF37E-2292-4D21-9B20-376E88947003}"
EndProject
Global
	GlobalSection(SolutionConfigurationPlatforms) = preSolution
		Debug|Any CPU = Debug|Any CPU
		Release|Any CPU = Release|Any CPU
	EndGlobalSection
	GlobalSection(ProjectConfigurationPlatforms) = postSolution
		{B7ABF37E-2292-4D21-9B20-376E88947003}.Debug|Any CPU.ActiveCfg = Debug|Any CPU
		{B7ABF37E-2292-4D21-9B20-376E88947003}.Debug|Any CPU.Build.0 = Debug|Any CPU
		{B7ABF37E-2292-4D21-9B20-376E88947003}.Release|Any CPU.ActiveCfg = Release|Any CPU
		{B7ABF37E-2292-4D21-9B20-376E88947003}.Release|Any CPU.Build.0 = Release|Any CPU
	EndGlobalSection
	GlobalSection(SolutionProperties) = preSolution
		HideSolutionNode = FALSE
	EndGlobalSection
	GlobalSection(ExtensibilityGlobals) = postSolution
		SolutionGuid = {3C05B5D1-0382-453D-972C-C529771435A3}
	EndGlobalSection
EndGlobal
